
Microsoft Visual Studio Solution File, Format Version 12.00
# Visual Studio 2013
VisualStudioVersion = 12.0.40629.0
MinimumVisualStudioVersion = 10.0.40219.1
Project("{FAE04EC0-301F-11D3-BF4B-00C04F79EFBC}") = "Robot_P16", "Robot_P16\Robot_P16.csproj", "{C3FBCD8F-70D3-4A4A-B19A-449FB18CE3F4}"
EndProject
Project("{FAE04EC0-301F-11D3-BF4B-00C04F79EFBC}") = "TestMap", "TestMap\TestMap.csproj", "{540AC9DD-53D1-4F8A-9F8A-71B9243545A5}"
EndProject
Project("{FAE04EC0-301F-11D3-BF4B-00C04F79EFBC}") = "TestActions", "TestActions\TestActions.csproj", "{79C9488D-B385-40D3-983E-1BBA258682CD}"
EndProject
Global
	GlobalSection(SolutionConfigurationPlatforms) = preSolution
		Debug|Any CPU = Debug|Any CPU
		Release|Any CPU = Release|Any CPU
	EndGlobalSection
	GlobalSection(ProjectConfigurationPlatforms) = postSolution
		{C3FBCD8F-70D3-4A4A-B19A-449FB18CE3F4}.Debug|Any CPU.ActiveCfg = Debug|Any CPU
		{C3FBCD8F-70D3-4A4A-B19A-449FB18CE3F4}.Debug|Any CPU.Build.0 = Debug|Any CPU
		{C3FBCD8F-70D3-4A4A-B19A-449FB18CE3F4}.Debug|Any CPU.Deploy.0 = Debug|Any CPU
		{C3FBCD8F-70D3-4A4A-B19A-449FB18CE3F4}.Release|Any CPU.ActiveCfg = Release|Any CPU
		{C3FBCD8F-70D3-4A4A-B19A-449FB18CE3F4}.Release|Any CPU.Build.0 = Release|Any CPU
		{C3FBCD8F-70D3-4A4A-B19A-449FB18CE3F4}.Release|Any CPU.Deploy.0 = Release|Any CPU
		{540AC9DD-53D1-4F8A-9F8A-71B9243545A5}.Debug|Any CPU.ActiveCfg = Debug|Any CPU
		{540AC9DD-53D1-4F8A-9F8A-71B9243545A5}.Debug|Any CPU.Build.0 = Debug|Any CPU
		{540AC9DD-53D1-4F8A-9F8A-71B9243545A5}.Release|Any CPU.ActiveCfg = Release|Any CPU
		{540AC9DD-53D1-4F8A-9F8A-71B9243545A5}.Release|Any CPU.Build.0 = Release|Any CPU
		{79C9488D-B385-40D3-983E-1BBA258682CD}.Debug|Any CPU.ActiveCfg = Debug|Any CPU
		{79C9488D-B385-40D3-983E-1BBA258682CD}.Debug|Any CPU.Build.0 = Debug|Any CPU
		{79C9488D-B385-40D3-983E-1BBA258682CD}.Release|Any CPU.ActiveCfg = Release|Any CPU
		{79C9488D-B385-40D3-983E-1BBA258682CD}.Release|Any CPU.Build.0 = Release|Any CPU
	EndGlobalSection
	GlobalSection(SolutionProperties) = preSolution
		HideSolutionNode = FALSE
	EndGlobalSection
EndGlobal
